
Microsoft Visual Studio Solution File, Format Version 12.00
# Visual Studio 15
VisualStudioVersion = 15.0.28307.572
MinimumVisualStudioVersion = 10.0.40219.1
Project("{FAE04EC0-301F-11D3-BF4B-00C04F79EFBC}") = "EcommerceWEBApplication", "EcommerceWEBApplication\EcommerceWEBApplication.csproj", "{2CC0675A-C68A-4691-BA47-7376E89A46DC}"
EndProject
Project("{FAE04EC0-301F-11D3-BF4B-00C04F79EFBC}") = "Utilities", "Utilities\Utilities.csproj", "{F1280301-245C-4D3D-A1F5-5ED3F84F078A}"
EndProject
Project("{FAE04EC0-301F-11D3-BF4B-00C04F79EFBC}") = "Components", "Components\Components.csproj", "{10E38605-A574-4859-813A-B0CA042A297D}"
EndProject
Project("{FAE04EC0-301F-11D3-BF4B-00C04F79EFBC}") = "DAL", "DAL\DAL.csproj", "{3D6304D3-EEA9-4A54-8D3F-14B8FFA86893}"
EndProject
Project("{FAE04EC0-301F-11D3-BF4B-00C04F79EFBC}") = "BAL", "BAL\BAL.csproj", "{43D3444C-8FFF-4070-B7D8-85E3C1738CAB}"
EndProject
Global
	GlobalSection(SolutionConfigurationPlatforms) = preSolution
		Debug|Any CPU = Debug|Any CPU
		Release|Any CPU = Release|Any CPU
	EndGlobalSection
	GlobalSection(ProjectConfigurationPlatforms) = postSolution
		{2CC0675A-C68A-4691-BA47-7376E89A46DC}.Debug|Any CPU.ActiveCfg = Debug|Any CPU
		{2CC0675A-C68A-4691-BA47-7376E89A46DC}.Debug|Any CPU.Build.0 = Debug|Any CPU
		{2CC0675A-C68A-4691-BA47-7376E89A46DC}.Release|Any CPU.ActiveCfg = Release|Any CPU
		{2CC0675A-C68A-4691-BA47-7376E89A46DC}.Release|Any CPU.Build.0 = Release|Any CPU
		{F1280301-245C-4D3D-A1F5-5ED3F84F078A}.Debug|Any CPU.ActiveCfg = Debug|Any CPU
		{F1280301-245C-4D3D-A1F5-5ED3F84F078A}.Debug|Any CPU.Build.0 = Debug|Any CPU
		{F1280301-245C-4D3D-A1F5-5ED3F84F078A}.Release|Any CPU.ActiveCfg = Release|Any CPU
		{F1280301-245C-4D3D-A1F5-5ED3F84F078A}.Release|Any CPU.Build.0 = Release|Any CPU
		{10E38605-A574-4859-813A-B0CA042A297D}.Debug|Any CPU.ActiveCfg = Debug|Any CPU
		{10E38605-A574-4859-813A-B0CA042A297D}.Debug|Any CPU.Build.0 = Debug|Any CPU
		{10E38605-A574-4859-813A-B0CA042A297D}.Release|Any CPU.ActiveCfg = Release|Any CPU
		{10E38605-A574-4859-813A-B0CA042A297D}.Release|Any CPU.Build.0 = Release|Any CPU
		{3D6304D3-EEA9-4A54-8D3F-14B8FFA86893}.Debug|Any CPU.ActiveCfg = Debug|Any CPU
		{3D6304D3-EEA9-4A54-8D3F-14B8FFA86893}.Debug|Any CPU.Build.0 = Debug|Any CPU
		{3D6304D3-EEA9-4A54-8D3F-14B8FFA86893}.Release|Any CPU.ActiveCfg = Release|Any CPU
		{3D6304D3-EEA9-4A54-8D3F-14B8FFA86893}.Release|Any CPU.Build.0 = Release|Any CPU
		{43D3444C-8FFF-4070-B7D8-85E3C1738CAB}.Debug|Any CPU.ActiveCfg = Debug|Any CPU
		{43D3444C-8FFF-4070-B7D8-85E3C1738CAB}.Debug|Any CPU.Build.0 = Debug|Any CPU
		{43D3444C-8FFF-4070-B7D8-85E3C1738CAB}.Release|Any CPU.ActiveCfg = Release|Any CPU
		{43D3444C-8FFF-4070-B7D8-85E3C1738CAB}.Release|Any CPU.Build.0 = Release|Any CPU
	EndGlobalSection
	GlobalSection(SolutionProperties) = preSolution
		HideSolutionNode = FALSE
	EndGlobalSection
	GlobalSection(ExtensibilityGlobals) = postSolution
		SolutionGuid = {6D45AED5-21AD-48BA-8E0E-351F711E330F}
	EndGlobalSection
EndGlobal
